{
  "name": "algo-ep3",
  "version": "1.0.0",
  "lockfileVersion": 3,
  "requires": true,
  "packages": {
    "": {
      "name": "algo-ep3",
      "version": "1.0.0",
      "license": "ISC",
      "dependencies": {
        "ui-game-console": "^1.0.2"
      }
    },
    "node_modules/reblessed": {
      "version": "0.2.1",
      "resolved": "https://registry.npmjs.org/reblessed/-/reblessed-0.2.1.tgz",
      "integrity": "sha512-L2/u0PpF18T8YKc5EiwnY8/+YNBR2DOtbb45H8AvgtxYzU64Xr7D1lI+rjZ8hNHHAK40n99lGmU3wvxat8L89Q==",
      "bin": {
        "reblessed": "bin/tput.js"
      },
      "engines": {
        "node": ">= 8.10"
      }
    },
    "node_modules/ui-game-console": {
      "version": "1.0.2",
      "resolved": "https://registry.npmjs.org/ui-game-console/-/ui-game-console-1.0.2.tgz",
      "integrity": "sha512-ZeNqNEMc5tcmLuaNGagVU/ZQ2vR2Ae9YUJjYKVlB7ZkQf7DZ3xbaen4AuSIN9cbJxNHItFbAT08Fjwxt7JlxVA==",
      "dependencies": {
        "reblessed": "^0.2.1"
      }
    }
  }
}
